# This file is automatically @generated by Cargo.
# It is not intended for manual editing.
version = 4

[[package]]
name = "use-ml"
version = "0.0.1"
dependencies = [
 "use-ml-dataset",
 "use-ml-embedding",
 "use-ml-evaluation",
 "use-ml-experiment",
 "use-ml-feature",
 "use-ml-inference",
 "use-ml-label",
 "use-ml-metric",
 "use-ml-model",
 "use-ml-model-card",
 "use-ml-pipeline",
 "use-ml-tensor",
 "use-ml-training",
]

[[package]]
name = "use-ml-dataset"
version = "0.0.1"

[[package]]
name = "use-ml-embedding"
version = "0.0.1"

[[package]]
name = "use-ml-evaluation"
version = "0.0.1"

[[package]]
name = "use-ml-experiment"
version = "0.0.1"

[[package]]
name = "use-ml-feature"
version = "0.0.1"

[[package]]
name = "use-ml-inference"
version = "0.0.1"

[[package]]
name = "use-ml-label"
version = "0.0.1"

[[package]]
name = "use-ml-metric"
version = "0.0.1"

[[package]]
name = "use-ml-model"
version = "0.0.1"

[[package]]
name = "use-ml-model-card"
version = "0.0.1"

[[package]]
name = "use-ml-pipeline"
version = "0.0.1"

[[package]]
name = "use-ml-tensor"
version = "0.0.1"

[[package]]
name = "use-ml-training"
version = "0.0.1"
